<?xml version="1.0" encoding="utf-8"?>
<Project ToolsVersion="4.0" xmlns="http://schemas.microsoft.com/developer/msbuild/2003">
  <ItemGroup>
    <ClInclude Include="Source\RTMPPublisher.h">
      <Filter>Source</Filter>
    </ClInclude>
    <ClInclude Include="Source\RTMPStuff.h">
      <Filter>Source</Filter>
    </ClInclude>
    <ClInclude Include="Source\DataPacketHelpers.h">
      <Filter>Source</Filter>
    </ClInclude>
    <ClInclude Include="Source\Main.h">
      <Filter>Source</Filter>
    </ClInclude>
    <ClInclude Include="Source\OBS.h">
      <Filter>Source</Filter>
    </ClInclude>
    <ClInclude Include="Source\cudaDynload.h">
      <Filter>Source</Filter>
    </ClInclude>
    <ClInclude Include="Source\NVENCEncoder.h">
      <Filter>Source</Filter>
    </ClInclude>
    <ClInclude Include="Source\nvEncodeAPI.h">
      <Filter>Source</Filter>
    </ClInclude>
    <ClInclude Include="Source\nvmain.h">
      <Filter>Source</Filter>
    </ClInclude>
    <ClInclude Include="OBSApi\APIInterface.h">
      <Filter>OBSApi</Filter>
    </ClInclude>
    <ClInclude Include="OBSApi\VolumeControl.h">
      <Filter>OBSApi</Filter>
    </ClInclude>
    <ClInclude Include="OBSApi\OBSApi.h">
      <Filter>OBSApi</Filter>
    </ClInclude>
    <ClInclude Include="OBSApi\AudioFilter.h">
      <Filter>OBSApi</Filter>
    </ClInclude>
    <ClInclude Include="OBSApi\AudioSource.h">
      <Filter>OBSApi</Filter>
    </ClInclude>
    <ClInclude Include="OBSApi\Scene.h">
      <Filter>OBSApi</Filter>
    </ClInclude>
    <ClInclude Include="OBSApi\Utility\XMath.h">
      <Filter>OBSApi\Utility</Filter>
    </ClInclude>
    <ClInclude Include="OBSApi\Utility\XString.h">
      <Filter>OBSApi\Utility</Filter>
    </ClInclude>
    <ClInclude Include="OBSApi\Utility\XT.h">
      <Filter>OBSApi\Utility</Filter>
    </ClInclude>
    <ClInclude Include="OBSApi\Utility\XT_Windows.h">
      <Filter>OBSApi\Utility</Filter>
    </ClInclude>
    <ClInclude Include="OBSApi\Utility\XTLocalization.h">
      <Filter>OBSApi\Utility</Filter>
    </ClInclude>
    <ClInclude Include="OBSApi\Utility\Alloc.h">
      <Filter>OBSApi\Utility</Filter>
    </ClInclude>
    <ClInclude Include="OBSApi\Utility\ComPtr.hpp">
      <Filter>OBSApi\Utility</Filter>
    </ClInclude>
    <ClInclude Include="OBSApi\Utility\ConfigFile.h">
      <Filter>OBSApi\Utility</Filter>
    </ClInclude>
    <ClInclude Include="OBSApi\Utility\DebugAlloc.h">
      <Filter>OBSApi\Utility</Filter>
    </ClInclude>
    <ClInclude Include="OBSApi\Utility\Defs.h">
      <Filter>OBSApi\Utility</Filter>
    </ClInclude>
    <ClInclude Include="OBSApi\Utility\FastAlloc.h">
      <Filter>OBSApi\Utility</Filter>
    </ClInclude>
    <ClInclude Include="OBSApi\Utility\Inline.h">
      <Filter>OBSApi\Utility</Filter>
    </ClInclude>
    <ClInclude Include="OBSApi\Utility\RAIIHelpers.h">
      <Filter>OBSApi\Utility</Filter>
    </ClInclude>
    <ClInclude Include="OBSApi\Utility\Serializer.h">
      <Filter>OBSApi\Utility</Filter>
    </ClInclude>
    <ClInclude Include="OBSApi\Utility\Template.h">
      <Filter>OBSApi\Utility</Filter>
    </ClInclude>
    <ClInclude Include="OBSApi\Utility\utf8.h">
      <Filter>OBSApi\Utility</Filter>
    </ClInclude>
    <ClInclude Include="OBSApi\Utility\XConfig.h">
      <Filter>OBSApi\Utility</Filter>
    </ClInclude>
    <ClInclude Include="OBSApi\Utility\XFile.h">
      <Filter>OBSApi\Utility</Filter>
    </ClInclude>
  </ItemGroup>
  <ItemGroup>
    <Filter Include="Source">
      <UniqueIdentifier>{7d178c27-342a-4100-9daa-c360d22d977d}</UniqueIdentifier>
      <Extensions>cpp;c;cc;cxx;def;odl;idl;hpj;bat;asm;asmx</Extensions>
    </Filter>
    <Filter Include="OBSApi">
      <UniqueIdentifier>{2c6b86a4-87f1-4b0b-bfe8-d7308a420a77}</UniqueIdentifier>
    </Filter>
    <Filter Include="OBSApi\Utility">
      <UniqueIdentifier>{254aa542-cb33-4012-b546-e00a24278466}</UniqueIdentifier>
    </Filter>
  </ItemGroup>
  <ItemGroup>
    <ClCompile Include="Source\RTMPStuff.cpp">
      <Filter>Source</Filter>
    </ClCompile>
    <ClCompile Include="Source\WindowStuff.cpp">
      <Filter>Source</Filter>
    </ClCompile>
    <ClCompile Include="Source\API.cpp">
      <Filter>Source</Filter>
    </ClCompile>
    <ClCompile Include="Source\BandwidthAnalysis.cpp">
      <Filter>Source</Filter>
    </ClCompile>
    <ClCompile Include="Source\BlankAudioPlayback.cpp">
      <Filter>Source</Filter>
    </ClCompile>
    <ClCompile Include="Source\Encoder_AAC.cpp">
      <Filter>Source</Filter>
    </ClCompile>
    <ClCompile Include="Source\Encoder_NVENC.cpp">
      <Filter>Source</Filter>
    </ClCompile>
    <ClCompile Include="Source\Encoder_x264.cpp">
      <Filter>Source</Filter>
    </ClCompile>
    <ClCompile Include="Source\GetAudioDevices.cpp">
      <Filter>Source</Filter>
    </ClCompile>
    <ClCompile Include="Source\ImageProcessing.cpp">
      <Filter>Source</Filter>
    </ClCompile>
    <ClCompile Include="Source\Main.cpp">
      <Filter>Source</Filter>
    </ClCompile>
    <ClCompile Include="Source\MMDeviceAudioSource.cpp">
      <Filter>Source</Filter>
    </ClCompile>
    <ClCompile Include="Source\MP4FileStream.cpp">
      <Filter>Source</Filter>
    </ClCompile>
    <ClCompile Include="Source\OBS.cpp">
      <Filter>Source</Filter>
    </ClCompile>
    <ClCompile Include="Source\OBSCapture.cpp">
      <Filter>Source</Filter>
    </ClCompile>
    <ClCompile Include="Source\OBSVideoCapture.cpp">
      <Filter>Source</Filter>
    </ClCompile>
    <ClCompile Include="Source\RTMPPublisher.cpp">
      <Filter>Source</Filter>
    </ClCompile>
    <ClCompile Include="Source\NVENCEncoder.cpp">
      <Filter>Source</Filter>
    </ClCompile>
    <ClCompile Include="Source\nvEncodeAPI.cpp">
      <Filter>Source</Filter>
    </ClCompile>
    <ClCompile Include="Source\nvmain.cpp">
      <Filter>Source</Filter>
    </ClCompile>
    <ClCompile Include="Source\cudaDynload.cpp">
      <Filter>Source</Filter>
    </ClCompile>
    <ClCompile Include="OBSApi\Scene.cpp">
      <Filter>OBSApi</Filter>
    </ClCompile>
    <ClCompile Include="OBSApi\VolumeControl.cpp">
      <Filter>OBSApi</Filter>
    </ClCompile>
    <ClCompile Include="OBSApi\APIDefs.cpp">
      <Filter>OBSApi</Filter>
    </ClCompile>
    <ClCompile Include="OBSApi\AudioSource.cpp">
      <Filter>OBSApi</Filter>
    </ClCompile>
    <ClCompile Include="OBSApi\OBSApi.cpp">
      <Filter>OBSApi</Filter>
    </ClCompile>
    <ClCompile Include="OBSApi\Utility\XMath.cpp">
      <Filter>OBSApi\Utility</Filter>
    </ClCompile>
    <ClCompile Include="OBSApi\Utility\XString.cpp">
      <Filter>OBSApi\Utility</Filter>
    </ClCompile>
    <ClCompile Include="OBSApi\Utility\XT.cpp">
      <Filter>OBSApi\Utility</Filter>
    </ClCompile>
    <ClCompile Include="OBSApi\Utility\XT_Windows.cpp">
      <Filter>OBSApi\Utility</Filter>
    </ClCompile>
    <ClCompile Include="OBSApi\Utility\XTLocalization.cpp">
      <Filter>OBSApi\Utility</Filter>
    </ClCompile>
    <ClCompile Include="OBSApi\Utility\ConfigFile.cpp">
      <Filter>OBSApi\Utility</Filter>
    </ClCompile>
    <ClCompile Include="OBSApi\Utility\DebugAlloc.cpp">
      <Filter>OBSApi\Utility</Filter>
    </ClCompile>
    <ClCompile Include="OBSApi\Utility\FastAlloc.cpp">
      <Filter>OBSApi\Utility</Filter>
    </ClCompile>
    <ClCompile Include="OBSApi\Utility\utf8-windows.cpp">
      <Filter>OBSApi\Utility</Filter>
    </ClCompile>
    <ClCompile Include="OBSApi\Utility\XConfig.cpp">
      <Filter>OBSApi\Utility</Filter>
    </ClCompile>
    <ClCompile Include="OBSApi\Utility\XFile_Windows.cpp">
      <Filter>OBSApi\Utility</Filter>
    </ClCompile>
  </ItemGroup>
</Project>